
Microsoft Visual Studio Solution File, Format Version 12.00
# Visual Studio Version 16
VisualStudioVersion = 16.0.31729.503
MinimumVisualStudioVersion = 10.0.40219.1
Project("{9A19103F-16F7-4668-BE54-9A1E7A4F7556}") = "WaitingLineRestaurant.API", "WaitingLineRestaurant.API\WaitingLineRestaurant.API.csproj", "{9B423A13-85E1-4A85-A65B-47F2D598351E}"
EndProject
Global
	GlobalSection(SolutionConfigurationPlatforms) = preSolution
		Debug|Any CPU = Debug|Any CPU
		Debug|x64 = Debug|x64
		Release|Any CPU = Release|Any CPU
		Release|x64 = Release|x64
	EndGlobalSection
	GlobalSection(ProjectConfigurationPlatforms) = postSolution
		{9B423A13-85E1-4A85-A65B-47F2D598351E}.Debug|Any CPU.ActiveCfg = Debug|Any CPU
		{9B423A13-85E1-4A85-A65B-47F2D598351E}.Debug|Any CPU.Build.0 = Debug|Any CPU
		{9B423A13-85E1-4A85-A65B-47F2D598351E}.Debug|x64.ActiveCfg = Debug|x64
		{9B423A13-85E1-4A85-A65B-47F2D598351E}.Debug|x64.Build.0 = Debug|x64
		{9B423A13-85E1-4A85-A65B-47F2D598351E}.Release|Any CPU.ActiveCfg = Release|Any CPU
		{9B423A13-85E1-4A85-A65B-47F2D598351E}.Release|Any CPU.Build.0 = Release|Any CPU
		{9B423A13-85E1-4A85-A65B-47F2D598351E}.Release|x64.ActiveCfg = Release|x64
		{9B423A13-85E1-4A85-A65B-47F2D598351E}.Release|x64.Build.0 = Release|x64
	EndGlobalSection
	GlobalSection(SolutionProperties) = preSolution
		HideSolutionNode = FALSE
	EndGlobalSection
	GlobalSection(ExtensibilityGlobals) = postSolution
		SolutionGuid = {BF5F7EFA-7794-4425-8212-E98963A65A67}
	EndGlobalSection
EndGlobal
